
Microsoft Visual Studio Solution File, Format Version 12.00
# Visual Studio Version 16
VisualStudioVersion = 16.0.30011.22
MinimumVisualStudioVersion = 10.0.40219.1
Project("{FAE04EC0-301F-11D3-BF4B-00C04F79EFBC}") = "SmartBotDev", "SmartBotDev\SmartBotDev.csproj", "{1D428648-59CD-4096-A108-F67C45785127}"
EndProject
Project("{FAE04EC0-301F-11D3-BF4B-00C04F79EFBC}") = "SmartBotDevKit", "SmartBotDevKit\SmartBotDevKit.csproj", "{0201F1B0-BEF1-4119-84FE-79A3D2E254D0}"
EndProject
Global
	GlobalSection(SolutionConfigurationPlatforms) = preSolution
		Debug|Any CPU = Debug|Any CPU
		Release|Any CPU = Release|Any CPU
	EndGlobalSection
	GlobalSection(ProjectConfigurationPlatforms) = postSolution
		{1D428648-59CD-4096-A108-F67C45785127}.Debug|Any CPU.ActiveCfg = Debug|Any CPU
		{1D428648-59CD-4096-A108-F67C45785127}.Debug|Any CPU.Build.0 = Debug|Any CPU
		{1D428648-59CD-4096-A108-F67C45785127}.Release|Any CPU.ActiveCfg = Release|Any CPU
		{1D428648-59CD-4096-A108-F67C45785127}.Release|Any CPU.Build.0 = Release|Any CPU
		{0201F1B0-BEF1-4119-84FE-79A3D2E254D0}.Debug|Any CPU.ActiveCfg = Debug|Any CPU
		{0201F1B0-BEF1-4119-84FE-79A3D2E254D0}.Debug|Any CPU.Build.0 = Debug|Any CPU
		{0201F1B0-BEF1-4119-84FE-79A3D2E254D0}.Release|Any CPU.ActiveCfg = Release|Any CPU
		{0201F1B0-BEF1-4119-84FE-79A3D2E254D0}.Release|Any CPU.Build.0 = Release|Any CPU
	EndGlobalSection
	GlobalSection(SolutionProperties) = preSolution
		HideSolutionNode = FALSE
	EndGlobalSection
	GlobalSection(ExtensibilityGlobals) = postSolution
		SolutionGuid = {321C6DF7-36EB-4077-96D5-A7D810C53A72}
	EndGlobalSection
EndGlobal
